
Microsoft Visual Studio Solution File, Format Version 12.00
Project("{FAE04EC0-301F-11D3-BF4B-00C04F79EFBC}") = "CashFlow.Api", "src\CashFlow.Api\CashFlow.Api.csproj", "{88E8B8F1-7D02-4A03-B0E6-65070881A0E8}"
EndProject
Project("{2150E333-8FDC-42A3-9474-1A3956D46DE8}") = "src", "src", "{1695B984-D5C1-40D7-A3B3-755EF6DD705A}"
EndProject
Project("{2150E333-8FDC-42A3-9474-1A3956D46DE8}") = "tests", "tests", "{302FDEC2-7505-431F-8253-8734CA46209F}"
EndProject
Project("{FAE04EC0-301F-11D3-BF4B-00C04F79EFBC}") = "CashFlow.Core", "src\CashFlow.Core\CashFlow.Core.csproj", "{033576C4-5A6B-4895-BEE8-47977968F4AB}"
EndProject
Project("{FAE04EC0-301F-11D3-BF4B-00C04F79EFBC}") = "CashFlow.Application", "src\CashFlow.Application\CashFlow.Application.csproj", "{5CEAC51A-6F3E-40B8-907F-C4B0E7DE8432}"
EndProject
Project("{FAE04EC0-301F-11D3-BF4B-00C04F79EFBC}") = "CashFlow.Database", "src\CashFlow.Database\CashFlow.Database.csproj", "{F2F3DFEF-CF9C-42D0-8EF1-BD64D33F6098}"
EndProject
Project("{FAE04EC0-301F-11D3-BF4B-00C04F79EFBC}") = "CashFlow.Core.Tests", "tests\CashFlow.Core.Tests\CashFlow.Core.Tests.csproj", "{45B3596D-31BA-4CE3-91DF-1EAF38DAC045}"
EndProject
Project("{FAE04EC0-301F-11D3-BF4B-00C04F79EFBC}") = "CashFlow.Tests", "tests\CashFlow.Tests\CashFlow.Tests.csproj", "{E2F72DA8-5E0E-443C-AD6D-EA2558696279}"
EndProject
Global
	GlobalSection(SolutionConfigurationPlatforms) = preSolution
		Debug|Any CPU = Debug|Any CPU
		Release|Any CPU = Release|Any CPU
	EndGlobalSection
	GlobalSection(ProjectConfigurationPlatforms) = postSolution
		{88E8B8F1-7D02-4A03-B0E6-65070881A0E8}.Debug|Any CPU.ActiveCfg = Debug|Any CPU
		{88E8B8F1-7D02-4A03-B0E6-65070881A0E8}.Debug|Any CPU.Build.0 = Debug|Any CPU
		{88E8B8F1-7D02-4A03-B0E6-65070881A0E8}.Release|Any CPU.ActiveCfg = Release|Any CPU
		{88E8B8F1-7D02-4A03-B0E6-65070881A0E8}.Release|Any CPU.Build.0 = Release|Any CPU
		{033576C4-5A6B-4895-BEE8-47977968F4AB}.Debug|Any CPU.ActiveCfg = Debug|Any CPU
		{033576C4-5A6B-4895-BEE8-47977968F4AB}.Debug|Any CPU.Build.0 = Debug|Any CPU
		{033576C4-5A6B-4895-BEE8-47977968F4AB}.Release|Any CPU.ActiveCfg = Release|Any CPU
		{033576C4-5A6B-4895-BEE8-47977968F4AB}.Release|Any CPU.Build.0 = Release|Any CPU
		{5CEAC51A-6F3E-40B8-907F-C4B0E7DE8432}.Debug|Any CPU.ActiveCfg = Debug|Any CPU
		{5CEAC51A-6F3E-40B8-907F-C4B0E7DE8432}.Debug|Any CPU.Build.0 = Debug|Any CPU
		{5CEAC51A-6F3E-40B8-907F-C4B0E7DE8432}.Release|Any CPU.ActiveCfg = Release|Any CPU
		{5CEAC51A-6F3E-40B8-907F-C4B0E7DE8432}.Release|Any CPU.Build.0 = Release|Any CPU
		{F2F3DFEF-CF9C-42D0-8EF1-BD64D33F6098}.Debug|Any CPU.ActiveCfg = Debug|Any CPU
		{F2F3DFEF-CF9C-42D0-8EF1-BD64D33F6098}.Debug|Any CPU.Build.0 = Debug|Any CPU
		{F2F3DFEF-CF9C-42D0-8EF1-BD64D33F6098}.Release|Any CPU.ActiveCfg = Release|Any CPU
		{F2F3DFEF-CF9C-42D0-8EF1-BD64D33F6098}.Release|Any CPU.Build.0 = Release|Any CPU
		{45B3596D-31BA-4CE3-91DF-1EAF38DAC045}.Debug|Any CPU.ActiveCfg = Debug|Any CPU
		{45B3596D-31BA-4CE3-91DF-1EAF38DAC045}.Debug|Any CPU.Build.0 = Debug|Any CPU
		{45B3596D-31BA-4CE3-91DF-1EAF38DAC045}.Release|Any CPU.ActiveCfg = Release|Any CPU
		{45B3596D-31BA-4CE3-91DF-1EAF38DAC045}.Release|Any CPU.Build.0 = Release|Any CPU
		{E2F72DA8-5E0E-443C-AD6D-EA2558696279}.Debug|Any CPU.ActiveCfg = Debug|Any CPU
		{E2F72DA8-5E0E-443C-AD6D-EA2558696279}.Debug|Any CPU.Build.0 = Debug|Any CPU
		{E2F72DA8-5E0E-443C-AD6D-EA2558696279}.Release|Any CPU.ActiveCfg = Release|Any CPU
		{E2F72DA8-5E0E-443C-AD6D-EA2558696279}.Release|Any CPU.Build.0 = Release|Any CPU
	EndGlobalSection
	GlobalSection(NestedProjects) = preSolution
		{88E8B8F1-7D02-4A03-B0E6-65070881A0E8} = {1695B984-D5C1-40D7-A3B3-755EF6DD705A}
		{033576C4-5A6B-4895-BEE8-47977968F4AB} = {1695B984-D5C1-40D7-A3B3-755EF6DD705A}
		{5CEAC51A-6F3E-40B8-907F-C4B0E7DE8432} = {1695B984-D5C1-40D7-A3B3-755EF6DD705A}
		{F2F3DFEF-CF9C-42D0-8EF1-BD64D33F6098} = {1695B984-D5C1-40D7-A3B3-755EF6DD705A}
		{45B3596D-31BA-4CE3-91DF-1EAF38DAC045} = {302FDEC2-7505-431F-8253-8734CA46209F}
		{E2F72DA8-5E0E-443C-AD6D-EA2558696279} = {302FDEC2-7505-431F-8253-8734CA46209F}
	EndGlobalSection
EndGlobal
